{
  "nodes": {
    "anachron8-emu": {
      "inputs": {
        "nixpkgs": [
          "nixpkgs"
        ]
      },
      "locked": {
        "lastModified": 1790948764,
        "narHash": "sha256-sfWxuOsm5GK1JzQOXXr94vwIHVqAonFvyzqtV/EX6iY=",
        "ref": "refs/heads/main",
        "rev": "2c93a1044d3bca5d18aab8a6ee78f279d32a8ce2",
        "revCount": 42,
        "type": "git",
        "url": "https://git.sherwood.haus/blark/anachron8-emu.git"
      },
      "original": {
        "type": "git",
        "url": "https://git.sherwood.haus/blark/anachron8-emu.git"
      }
    },
    "gcc6809": {
      "inputs": {
        "anachron8-emu": [
          "anachron8-emu"
        ],
        "nixpkgs": "nixpkgs"
      },
      "locked": {
        "lastModified": 1790949299,
        "narHash": "sha256-OjiRnKGcL+SMVEFxUE975TUjNWnaG029XgLxqcFuDYI=",
        "owner": "blark",
        "repo": "gcc6809-nix",
        "rev": "9bf848d513898d9ad0637e7135801f5b8bac87b4",
        "type": "github"
      },
      "original": {
        "owner": "blark",
        "repo": "gcc6809-nix",
        "type": "github"
      }
    },
    "nixpkgs": {
      "locked": {
        "lastModified": 1735563628,
        "narHash": "sha256-OnSAY7XDSx7CtDoqNh8jwVwh4xNL/2HaJxGjryLWzX8=",
        "owner": "NixOS",
        "repo": "nixpkgs",
        "rev": "b134951a4c9f3c995fd7be05f3243f8ecd65d798",
        "type": "github"
      },
      "original": {
        "owner": "NixOS",
        "ref": "nixos-24.05",
        "repo": "nixpkgs",
        "type": "github"
      }
    },
    "nixpkgs-unstable": {
      "locked": {
        "lastModified": 1767026758,
        "narHash": "sha256-7fsac/f7nh/VaKJ/qm3I338+wAJa/3J57cOGpXi0Sbg=",
        "owner": "NixOS",
        "repo": "nixpkgs",
        "rev": "346dd96ad74dc4457a9db9de4f4f57dab2e5731d",
        "type": "github"
      },
      "original": {
        "owner": "NixOS",
        "ref": "nixpkgs-unstable",
        "repo": "nixpkgs",
        "type": "github"
      }
    },
    "root": {
      "inputs": {
        "anachron8-emu": "anachron8-emu",
        "gcc6809": "gcc6809",
        "nixpkgs": [
          "gcc6809",
          "nixpkgs"
        ],
        "nixpkgs-unstable": "nixpkgs-unstable"
      }
    }
  },
  "root": "root",
  "version": 7
}
