{
  "nodes": {
    "anachron8-emu": {
      "inputs": {
        "anachronsole": "anachronsole",
        "nitros9": "nitros9",
        "nitros9-languages": "nitros9-languages",
        "nixpkgs": [
          "nixpkgs-unstable"
        ]
      },
      "locked": {
        "lastModified": 1790911769,
        "narHash": "sha256-GsIJOvu6mieQlVSvJQA7IzbRmWQKqAN4inSl8X3RlPE=",
        "ref": "extract/package",
        "rev": "43eb971f895d79b8618c15573e4aa6792f8a16f3",
        "revCount": 32,
        "type": "git",
        "url": "https://git.sherwood.haus/blark/anachron8-emu.git"
      },
      "original": {
        "ref": "extract/package",
        "type": "git",
        "url": "https://git.sherwood.haus/blark/anachron8-emu.git"
      }
    },
    "anachronsole": {
      "flake": false,
      "locked": {
        "lastModified": 1790902549,
        "narHash": "sha256-clVJuPp4Mp9OU/UJW+ZakOgt824hgOWBeZOWoXRTrPU=",
        "ref": "refs/heads/main",
        "rev": "89911c8a9c97f45e041913a5567ef8a280498343",
        "revCount": 336,
        "type": "git",
        "url": "https://git.sherwood.haus/blark/anachronsole.git"
      },
      "original": {
        "rev": "89911c8a9c97f45e041913a5567ef8a280498343",
        "type": "git",
        "url": "https://git.sherwood.haus/blark/anachronsole.git"
      }
    },
    "gcc6809": {
      "inputs": {
        "nixpkgs": "nixpkgs"
      },
      "locked": {
        "lastModified": 1767191352,
        "narHash": "sha256-dp051/rgOTt2Kyva2eaOPusOenFIRdwc9kI8IC9MjpA=",
        "owner": "blark",
        "repo": "gcc6809-nix",
        "rev": "8bd08dce7ad670161a135f50a6a1f8506ba34d8c",
        "type": "github"
      },
      "original": {
        "owner": "blark",
        "repo": "gcc6809-nix",
        "type": "github"
      }
    },
    "nitros9": {
      "inputs": {
        "nitros9-languages": [
          "anachron8-emu",
          "nitros9-languages"
        ],
        "nixpkgs": [
          "anachron8-emu",
          "nixpkgs"
        ]
      },
      "locked": {
        "lastModified": 1790766389,
        "narHash": "sha256-VJtlU28+3NeaE/ywPUlvvJj9EOCcSNIeHQJ6GJFW4mc=",
        "ref": "anachron8",
        "rev": "625cc38c3233e4b47e3ac7d0974c59f294f92283",
        "revCount": 4167,
        "type": "git",
        "url": "https://git.sherwood.haus/blark/nitros9.git"
      },
      "original": {
        "ref": "anachron8",
        "type": "git",
        "url": "https://git.sherwood.haus/blark/nitros9.git"
      }
    },
    "nitros9-languages": {
      "flake": false,
      "locked": {
        "lastModified": 1787884497,
        "narHash": "sha256-KPt34d8fNXPrRm4k28BWpYwHlv+bXuOjnLNhgP0u/H4=",
        "owner": "nitros9project",
        "repo": "nitros9-languages",
        "rev": "c05f23c3ea4f934c54b185035e98eae34e73565b",
        "type": "github"
      },
      "original": {
        "owner": "nitros9project",
        "repo": "nitros9-languages",
        "rev": "c05f23c3ea4f934c54b185035e98eae34e73565b",
        "type": "github"
      }
    },
    "nixpkgs": {
      "locked": {
        "lastModified": 1735563628,
        "narHash": "sha256-OnSAY7XDSx7CtDoqNh8jwVwh4xNL/2HaJxGjryLWzX8=",
        "owner": "NixOS",
        "repo": "nixpkgs",
        "rev": "b134951a4c9f3c995fd7be05f3243f8ecd65d798",
        "type": "github"
      },
      "original": {
        "owner": "NixOS",
        "ref": "nixos-24.05",
        "repo": "nixpkgs",
        "type": "github"
      }
    },
    "nixpkgs-unstable": {
      "locked": {
        "lastModified": 1767026758,
        "narHash": "sha256-7fsac/f7nh/VaKJ/qm3I338+wAJa/3J57cOGpXi0Sbg=",
        "owner": "NixOS",
        "repo": "nixpkgs",
        "rev": "346dd96ad74dc4457a9db9de4f4f57dab2e5731d",
        "type": "github"
      },
      "original": {
        "owner": "NixOS",
        "ref": "nixpkgs-unstable",
        "repo": "nixpkgs",
        "type": "github"
      }
    },
    "root": {
      "inputs": {
        "anachron8-emu": "anachron8-emu",
        "gcc6809": "gcc6809",
        "nixpkgs": [
          "gcc6809",
          "nixpkgs"
        ],
        "nixpkgs-unstable": "nixpkgs-unstable"
      }
    }
  },
  "root": "root",
  "version": 7
}
